
Microsoft Visual Studio Solution File, Format Version 12.00
# Visual Studio Version 16
VisualStudioVersion = 16.0.30804.86
MinimumVisualStudioVersion = 10.0.40219.1
Project("{FAE04EC0-301F-11D3-BF4B-00C04F79EFBC}") = "AlgorithmPlayground", "AlgorithmPlayground\AlgorithmPlayground.csproj", "{40F1186A-5C40-4A6C-B897-0DAB8A816657}"
EndProject
Project("{FAE04EC0-301F-11D3-BF4B-00C04F79EFBC}") = "AlgorithmPlaygroundTests", "AlgorithmPlaygroundTests\AlgorithmPlaygroundTests.csproj", "{D70C4FA0-3E8A-4E3C-B464-044B4F84C19C}"
EndProject
Global
	GlobalSection(SolutionConfigurationPlatforms) = preSolution
		Debug|Any CPU = Debug|Any CPU
		Release|Any CPU = Release|Any CPU
	EndGlobalSection
	GlobalSection(ProjectConfigurationPlatforms) = postSolution
		{40F1186A-5C40-4A6C-B897-0DAB8A816657}.Debug|Any CPU.ActiveCfg = Debug|Any CPU
		{40F1186A-5C40-4A6C-B897-0DAB8A816657}.Debug|Any CPU.Build.0 = Debug|Any CPU
		{40F1186A-5C40-4A6C-B897-0DAB8A816657}.Release|Any CPU.ActiveCfg = Release|Any CPU
		{40F1186A-5C40-4A6C-B897-0DAB8A816657}.Release|Any CPU.Build.0 = Release|Any CPU
		{D70C4FA0-3E8A-4E3C-B464-044B4F84C19C}.Debug|Any CPU.ActiveCfg = Debug|Any CPU
		{D70C4FA0-3E8A-4E3C-B464-044B4F84C19C}.Debug|Any CPU.Build.0 = Debug|Any CPU
		{D70C4FA0-3E8A-4E3C-B464-044B4F84C19C}.Release|Any CPU.ActiveCfg = Release|Any CPU
		{D70C4FA0-3E8A-4E3C-B464-044B4F84C19C}.Release|Any CPU.Build.0 = Release|Any CPU
	EndGlobalSection
	GlobalSection(SolutionProperties) = preSolution
		HideSolutionNode = FALSE
	EndGlobalSection
	GlobalSection(ExtensibilityGlobals) = postSolution
		SolutionGuid = {5DE88141-AE0B-4D1B-994F-5A5E07700E99}
	EndGlobalSection
EndGlobal
